
Microsoft Visual Studio Solution File, Format Version 12.00
# Visual Studio Version 16
VisualStudioVersion = 16.0.29509.3
MinimumVisualStudioVersion = 10.0.40219.1
Project("{FAE04EC0-301F-11D3-BF4B-00C04F79EFBC}") = "HW7", "HW7\HW7.csproj", "{912006AB-EE4A-4C9A-BAAE-EA2F4A799543}"
EndProject
Global
	GlobalSection(SolutionConfigurationPlatforms) = preSolution
		Debug|Any CPU = Debug|Any CPU
		Release|Any CPU = Release|Any CPU
	EndGlobalSection
	GlobalSection(ProjectConfigurationPlatforms) = postSolution
		{912006AB-EE4A-4C9A-BAAE-EA2F4A799543}.Debug|Any CPU.ActiveCfg = Debug|Any CPU
		{912006AB-EE4A-4C9A-BAAE-EA2F4A799543}.Debug|Any CPU.Build.0 = Debug|Any CPU
		{912006AB-EE4A-4C9A-BAAE-EA2F4A799543}.Release|Any CPU.ActiveCfg = Release|Any CPU
		{912006AB-EE4A-4C9A-BAAE-EA2F4A799543}.Release|Any CPU.Build.0 = Release|Any CPU
	EndGlobalSection
	GlobalSection(SolutionProperties) = preSolution
		HideSolutionNode = FALSE
	EndGlobalSection
	GlobalSection(ExtensibilityGlobals) = postSolution
		SolutionGuid = {77123EC8-D9A2-4108-976E-D35A087567EC}
	EndGlobalSection
EndGlobal
